// !$*UTF8*$!
{
	archiveVersion = 1;
	classes = {
	};
	objectVersion = 48;
	objects = {

/* Begin PBXBuildFile section */
		455987852021A83C0042C5F0 /* AppDelegate.swift in Sources */ = {isa = PBXBuildFile; fileRef = 455987842021A83C0042C5F0 /* AppDelegate.swift */; };
		455987872021A83C0042C5F0 /* ViewController.swift in Sources */ = {isa = PBXBuildFile; fileRef = 455987862021A83C0042C5F0 /* ViewController.swift */; };
		4559878A2021A83C0042C5F0 /* Main.storyboard in Resources */ = {isa = PBXBuildFile; fileRef = 455987882021A83C0042C5F0 /* Main.storyboard */; };
		4559878C2021A83C0042C5F0 /* Assets.xcassets in Resources */ = {isa = PBXBuildFile; fileRef = 4559878B2021A83C0042C5F0 /* Assets.xcassets */; };
		4559878F2021A83C0042C5F0 /* LaunchScreen.storyboard in Resources */ = {isa = PBXBuildFile; fileRef = 4559878D2021A83C0042C5F0 /* LaunchScreen.storyboard */; };
		4559879A2021A83C0042C5F0 /* TumblrTests.swift in Sources */ = {isa = PBXBuildFile; fileRef = 455987992021A83C0042C5F0 /* TumblrTests.swift */; };
		455987A52021A83C0042C5F0 /* TumblrUITests.swift in Sources */ = {isa = PBXBuildFile; fileRef = 455987A42021A83C0042C5F0 /* TumblrUITests.swift */; };
/* End PBXBuildFile section */

/* Begin PBXContainerItemProxy section */
		455987962021A83C0042C5F0 /* PBXContainerItemProxy */ = {
			isa = PBXContainerItemProxy;
			containerPortal = 455987792021A83C0042C5F0 /* Project object */;
			proxyType = 1;
			remoteGlobalIDString = 455987802021A83C0042C5F0;
			remoteInfo = Tumblr;
		};
		455987A12021A83C0042C5F0 /* PBXContainerItemProxy */ = {
			isa = PBXContainerItemProxy;
			containerPortal = 455987792021A83C0042C5F0 /* Project object */;
			proxyType = 1;
			remoteGlobalIDString = 455987802021A83C0042C5F0;
			remoteInfo = Tumblr;
		};
/* End PBXContainerItemProxy section */

/* Begin PBXFileReference section */
		455987812021A83C0042C5F0 /* Tumblr.app */ = {isa = PBXFileReference; explicitFileType = wrapper.application; includeInIndex = 0; path = Tumblr.app; sourceTree = BUILT_PRODUCTS_DIR; };
		455987842021A83C0042C5F0 /* AppDelegate.swift */ = {isa = PBXFileReference; lastKnownFileType = sourcecode.swift; path = AppDelegate.swift; sourceTree = "<group>"; };
		455987862021A83C0042C5F0 /* ViewController.swift */ = {isa = PBXFileReference; lastKnownFileType = sourcecode.swift; path = ViewController.swift; sourceTree = "<group>"; };
		455987892021A83C0042C5F0 /* Base */ = {isa = PBXFileReference; lastKnownFileType = file.storyboard; name = Base; path = Base.lproj/Main.storyboard; sourceTree = "<group>"; };
		4559878B2021A83C0042C5F0 /* Assets.xcassets */ = {isa = PBXFileReference; lastKnownFileType = folder.assetcatalog; path = Assets.xcassets; sourceTree = "<group>"; };
		4559878E2021A83C0042C5F0 /* Base */ = {isa = PBXFileReference; lastKnownFileType = file.storyboard; name = Base; path = Base.lproj/LaunchScreen.storyboard; sourceTree = "<group>"; };
		455987902021A83C0042C5F0 /* Info.plist */ = {isa = PBXFileReference; lastKnownFileType = text.plist.xml; path = Info.plist; sourceTree = "<group>"; };
		455987952021A83C0042C5F0 /* TumblrTests.xctest */ = {isa = PBXFileReference; explicitFileType = wrapper.cfbundle; includeInIndex = 0; path = TumblrTests.xctest; sourceTree = BUILT_PRODUCTS_DIR; };
		455987992021A83C0042C5F0 /* TumblrTests.swift */ = {isa = PBXFileReference; lastKnownFileType = sourcecode.swift; path = TumblrTests.swift; sourceTree = "<group>"; };
		4559879B2021A83C0042C5F0 /* Info.plist */ = {isa = PBXFileReference; lastKnownFileType = text.plist.xml; path = Info.plist; sourceTree = "<group>"; };
		455987A02021A83C0042C5F0 /* TumblrUITests.xctest */ = {isa = PBXFileReference; explicitFileType = wrapper.cfbundle; includeInIndex = 0; path = TumblrUITests.xctest; sourceTree = BUILT_PRODUCTS_DIR; };
		455987A42021A83C0042C5F0 /* TumblrUITests.swift */ = {isa = PBXFileReference; lastKnownFileType = sourcecode.swift; path = TumblrUITests.swift; sourceTree = "<group>"; };
		455987A62021A83C0042C5F0 /* Info.plist */ = {isa = PBXFileReference; lastKnownFileType = text.plist.xml; path = Info.plist; sourceTree = "<group>"; };
/* End PBXFileReference section */

/* Begin PBXFrameworksBuildPhase section */
		4559877E2021A83C0042C5F0 /* Frameworks */ = {
			isa = PBXFrameworksBuildPhase;
			buildActionMask = 2147483647;
			files = (
			);
			runOnlyForDeploymentPostprocessing = 0;
		};
		455987922021A83C0042C5F0 /* Frameworks */ = {
			isa = PBXFrameworksBuildPhase;
			buildActionMask = 2147483647;
			files = (
			);
			runOnlyForDeploymentPostprocessing = 0;
		};
		4559879D2021A83C0042C5F0 /* Frameworks */ = {
			isa = PBXFrameworksBuildPhase;
			buildActionMask = 2147483647;
			files = (
			);
			runOnlyForDeploymentPostprocessing = 0;
		};
/* End PBXFrameworksBuildPhase section */

/* Begin PBXGroup section */
		455987782021A83C0042C5F0 = {
			isa = PBXGroup;
			children = (
				455987832021A83C0042C5F0 /* Tumblr */,
				455987982021A83C0042C5F0 /* TumblrTests */,
				455987A32021A83C0042C5F0 /* TumblrUITests */,
				455987822021A83C0042C5F0 /* Products */,
			);
			sourceTree = "<group>";
		};
		455987822021A83C0042C5F0 /* Products */ = {
			isa = PBXGroup;
			children = (
				455987812021A83C0042C5F0 /* Tumblr.app */,
				455987952021A83C0042C5F0 /* TumblrTests.xctest */,
				455987A02021A83C0042C5F0 /* TumblrUITests.xctest */,
			);
			name = Products;
			sourceTree = "<group>";
		};
		455987832021A83C0042C5F0 /* Tumblr */ = {
			isa = PBXGroup;
			children = (
				455987842021A83C0042C5F0 /* AppDelegate.swift */,
				455987862021A83C0042C5F0 /* ViewController.swift */,
				455987882021A83C0042C5F0 /* Main.storyboard */,
				4559878B2021A83C0042C5F0 /* Assets.xcassets */,
				4559878D2021A83C0042C5F0 /* LaunchScreen.storyboard */,
				455987902021A83C0042C5F0 /* Info.plist */,
			);
			path = Tumblr;
			sourceTree = "<group>";
		};
		455987982021A83C0042C5F0 /* TumblrTests */ = {
			isa = PBXGroup;
			children = (
				455987992021A83C0042C5F0 /* TumblrTests.swift */,
				4559879B2021A83C0042C5F0 /* Info.plist */,
			);
			path = TumblrTests;
			sourceTree = "<group>";
		};
		455987A32021A83C0042C5F0 /* TumblrUITests */ = {
			isa = PBXGroup;
			children = (
				455987A42021A83C0042C5F0 /* TumblrUITests.swift */,
				455987A62021A83C0042C5F0 /* Info.plist */,
			);
			path = TumblrUITests;
			sourceTree = "<group>";
		};
/* End PBXGroup section */

/* Begin PBXNativeTarget section */
		455987802021A83C0042C5F0 /* Tumblr */ = {
			isa = PBXNativeTarget;
			buildConfigurationList = 455987A92021A83C0042C5F0 /* Build configuration list for PBXNativeTarget "Tumblr" */;
			buildPhases = (
				4559877D2021A83C0042C5F0 /* Sources */,
				4559877E2021A83C0042C5F0 /* Frameworks */,
				4559877F2021A83C0042C5F0 /* Resources */,
			);
			buildRules = (
			);
			dependencies = (
			);
			name = Tumblr;
			productName = Tumblr;
			productReference = 455987812021A83C0042C5F0 /* Tumblr.app */;
			productType = "com.apple.product-type.application";
		};
		455987942021A83C0042C5F0 /* TumblrTests */ = {
			isa = PBXNativeTarget;
			buildConfigurationList = 455987AC2021A83C0042C5F0 /* Build configuration list for PBXNativeTarget "TumblrTests" */;
			buildPhases = (
				455987912021A83C0042C5F0 /* Sources */,
				455987922021A83C0042C5F0 /* Frameworks */,
				455987932021A83C0042C5F0 /* Resources */,
			);
			buildRules = (
			);
			dependencies = (
				455987972021A83C0042C5F0 /* PBXTargetDependency */,
			);
			name = TumblrTests;
			productName = TumblrTests;
			productReference = 455987952021A83C0042C5F0 /* TumblrTests.xctest */;
			productType = "com.apple.product-type.bundle.unit-test";
		};
		4559879F2021A83C0042C5F0 /* TumblrUITests */ = {
			isa = PBXNativeTarget;
			buildConfigurationList = 455987AF2021A83C0042C5F0 /* Build configuration list for PBXNativeTarget "TumblrUITests" */;
			buildPhases = (
				4559879C2021A83C0042C5F0 /* Sources */,
				4559879D2021A83C0042C5F0 /* Frameworks */,
				4559879E2021A83C0042C5F0 /* Resources */,
			);
			buildRules = (
			);
			dependencies = (
				455987A22021A83C0042C5F0 /* PBXTargetDependency */,
			);
			name = TumblrUITests;
			productName = TumblrUITests;
			productReference = 455987A02021A83C0042C5F0 /* TumblrUITests.xctest */;
			productType = "com.apple.product-type.bundle.ui-testing";
		};
/* End PBXNativeTarget section */

/* Begin PBXProject section */
		455987792021A83C0042C5F0 /* Project object */ = {
			isa = PBXProject;
			attributes = {
				LastSwiftUpdateCheck = 0920;
				LastUpgradeCheck = 0920;
				ORGANIZATIONNAME = "Ruben A Gonzalez";
				TargetAttributes = {
					455987802021A83C0042C5F0 = {
						CreatedOnToolsVersion = 9.2;
						ProvisioningStyle = Automatic;
					};
					455987942021A83C0042C5F0 = {
						CreatedOnToolsVersion = 9.2;
						ProvisioningStyle = Automatic;
						TestTargetID = 455987802021A83C0042C5F0;
					};
					4559879F2021A83C0042C5F0 = {
						CreatedOnToolsVersion = 9.2;
						ProvisioningStyle = Automatic;
						TestTargetID = 455987802021A83C0042C5F0;
					};
				};
			};
			buildConfigurationList = 4559877C2021A83C0042C5F0 /* Build configuration list for PBXProject "Tumblr" */;
			compatibilityVersion = "Xcode 8.0";
			developmentRegion = en;
			hasScannedForEncodings = 0;
			knownRegions = (
				en,
				Base,
			);
			mainGroup = 455987782021A83C0042C5F0;
			productRefGroup = 455987822021A83C0042C5F0 /* Products */;
			projectDirPath = "";
			projectRoot = "";
			targets = (
				455987802021A83C0042C5F0 /* Tumblr */,
				455987942021A83C0042C5F0 /* TumblrTests */,
				4559879F2021A83C0042C5F0 /* TumblrUITests */,
			);
		};
/* End PBXProject section */

/* Begin PBXResourcesBuildPhase section */
		4559877F2021A83C0042C5F0 /* Resources */ = {
			isa = PBXResourcesBuildPhase;
			buildActionMask = 2147483647;
			files = (
				4559878F2021A83C0042C5F0 /* LaunchScreen.storyboard in Resources */,
				4559878C2021A83C0042C5F0 /* Assets.xcassets in Resources */,
				4559878A2021A83C0042C5F0 /* Main.storyboard in Resources */,
			);
			runOnlyForDeploymentPostprocessing = 0;
		};
		455987932021A83C0042C5F0 /* Resources */ = {
			isa = PBXResourcesBuildPhase;
			buildActionMask = 2147483647;
			files = (
			);
			runOnlyForDeploymentPostprocessing = 0;
		};
		4559879E2021A83C0042C5F0 /* Resources */ = {
			isa = PBXResourcesBuildPhase;
			buildActionMask = 2147483647;
			files = (
			);
			runOnlyForDeploymentPostprocessing = 0;
		};
/* End PBXResourcesBuildPhase section */

/* Begin PBXSourcesBuildPhase section */
		4559877D2021A83C0042C5F0 /* Sources */ = {
			isa = PBXSourcesBuildPhase;
			buildActionMask = 2147483647;
			files = (
				455987872021A83C0042C5F0 /* ViewController.swift in Sources */,
				455987852021A83C0042C5F0 /* AppDelegate.swift in Sources */,
			);
			runOnlyForDeploymentPostprocessing = 0;
		};
		455987912021A83C0042C5F0 /* Sources */ = {
			isa = PBXSourcesBuildPhase;
			buildActionMask = 2147483647;
			files = (
				4559879A2021A83C0042C5F0 /* TumblrTests.swift in Sources */,
			);
			runOnlyForDeploymentPostprocessing = 0;
		};
		4559879C2021A83C0042C5F0 /* Sources */ = {
			isa = PBXSourcesBuildPhase;
			buildActionMask = 2147483647;
			files = (
				455987A52021A83C0042C5F0 /* TumblrUITests.swift in Sources */,
			);
			runOnlyForDeploymentPostprocessing = 0;
		};
/* End PBXSourcesBuildPhase section */

/* Begin PBXTargetDependency section */
		455987972021A83C0042C5F0 /* PBXTargetDependency */ = {
			isa = PBXTargetDependency;
			target = 455987802021A83C0042C5F0 /* Tumblr */;
			targetProxy = 455987962021A83C0042C5F0 /* PBXContainerItemProxy */;
		};
		455987A22021A83C0042C5F0 /* PBXTargetDependency */ = {
			isa = PBXTargetDependency;
			target = 455987802021A83C0042C5F0 /* Tumblr */;
			targetProxy = 455987A12021A83C0042C5F0 /* PBXContainerItemProxy */;
		};
/* End PBXTargetDependency section */

/* Begin PBXVariantGroup section */
		455987882021A83C0042C5F0 /* Main.storyboard */ = {
			isa = PBXVariantGroup;
			children = (
				455987892021A83C0042C5F0 /* Base */,
			);
			name = Main.storyboard;
			sourceTree = "<group>";
		};
		4559878D2021A83C0042C5F0 /* LaunchScreen.storyboard */ = {
			isa = PBXVariantGroup;
			children = (
				4559878E2021A83C0042C5F0 /* Base */,
			);
			name = LaunchScreen.storyboard;
			sourceTree = "<group>";
		};
/* End PBXVariantGroup section */

/* Begin XCBuildConfiguration section */
		455987A72021A83C0042C5F0 /* Debug */ = {
			isa = XCBuildConfiguration;
			buildSettings = {
				ALWAYS_SEARCH_USER_PATHS = NO;
				CLANG_ANALYZER_NONNULL = YES;
				CLANG_ANALYZER_NUMBER_OBJECT_CONVERSION = YES_AGGRESSIVE;
				CLANG_CXX_LANGUAGE_STANDARD = "gnu++14";
				CLANG_CXX_LIBRARY = "libc++";
				CLANG_ENABLE_MODULES = YES;
				CLANG_ENABLE_OBJC_ARC = YES;
				CLANG_WARN_BLOCK_CAPTURE_AUTORELEASING = YES;
				CLANG_WARN_BOOL_CONVERSION = YES;
				CLANG_WARN_COMMA = YES;
				CLANG_WARN_CONSTANT_CONVERSION = YES;
				CLANG_WARN_DIRECT_OBJC_ISA_USAGE = YES_ERROR;
				CLANG_WARN_DOCUMENTATION_COMMENTS = YES;
				CLANG_WARN_EMPTY_BODY = YES;
				CLANG_WARN_ENUM_CONVERSION = YES;
				CLANG_WARN_INFINITE_RECURSION = YES;
				CLANG_WARN_INT_CONVERSION = YES;
				CLANG_WARN_NON_LITERAL_NULL_CONVERSION = YES;
				CLANG_WARN_OBJC_LITERAL_CONVERSION = YES;
				CLANG_WARN_OBJC_ROOT_CLASS = YES_ERROR;
				CLANG_WARN_RANGE_LOOP_ANALYSIS = YES;
				CLANG_WARN_STRICT_PROTOTYPES = YES;
				CLANG_WARN_SUSPICIOUS_MOVE = YES;
				CLANG_WARN_UNGUARDED_AVAILABILITY = YES_AGGRESSIVE;
				CLANG_WARN_UNREACHABLE_CODE = YES;
				CLANG_WARN__DUPLICATE_METHOD_MATCH = YES;
				CODE_SIGN_IDENTITY = "iPhone Developer";
				COPY_PHASE_STRIP = NO;
				DEBUG_INFORMATION_FORMAT = dwarf;
				ENABLE_STRICT_OBJC_MSGSEND = YES;
				ENABLE_TESTABILITY = YES;
				GCC_C_LANGUAGE_STANDARD = gnu11;
				GCC_DYNAMIC_NO_PIC = NO;
				GCC_NO_COMMON_BLOCKS = YES;
				GCC_OPTIMIZATION_LEVEL = 0;
				GCC_PREPROCESSOR_DEFINITIONS = (
					"DEBUG=1",
					"$(inherited)",
				);
				GCC_WARN_64_TO_32_BIT_CONVERSION = YES;
				GCC_WARN_ABOUT_RETURN_TYPE = YES_ERROR;
				GCC_WARN_UNDECLARED_SELECTOR = YES;
				GCC_WARN_UNINITIALIZED_AUTOS = YES_AGGRESSIVE;
				GCC_WARN_UNUSED_FUNCTION = YES;
				GCC_WARN_UNUSED_VARIABLE = YES;
				IPHONEOS_DEPLOYMENT_TARGET = 11.2;
				MTL_ENABLE_DEBUG_INFO = YES;
				ONLY_ACTIVE_ARCH = YES;
				SDKROOT = iphoneos;
				SWIFT_ACTIVE_COMPILATION_CONDITIONS = DEBUG;
				SWIFT_OPTIMIZATION_LEVEL = "-Onone";
			};
			name = Debug;
		};
		455987A82021A83C0042C5F0 /* Release */ = {
			isa = XCBuildConfiguration;
			buildSettings = {
				ALWAYS_SEARCH_USER_PATHS = NO;
				CLANG_ANALYZER_NONNULL = YES;
				CLANG_ANALYZER_NUMBER_OBJECT_CONVERSION = YES_AGGRESSIVE;
				CLANG_CXX_LANGUAGE_STANDARD = "gnu++14";
				CLANG_CXX_LIBRARY = "libc++";
				CLANG_ENABLE_MODULES = YES;
				CLANG_ENABLE_OBJC_ARC = YES;
				CLANG_WARN_BLOCK_CAPTURE_AUTORELEASING = YES;
				CLANG_WARN_BOOL_CONVERSION = YES;
				CLANG_WARN_COMMA = YES;
				CLANG_WARN_CONSTANT_CONVERSION = YES;
				CLANG_WARN_DIRECT_OBJC_ISA_USAGE = YES_ERROR;
				CLANG_WARN_DOCUMENTATION_COMMENTS = YES;
				CLANG_WARN_EMPTY_BODY = YES;
				CLANG_WARN_ENUM_CONVERSION = YES;
				CLANG_WARN_INFINITE_RECURSION = YES;
				CLANG_WARN_INT_CONVERSION = YES;
				CLANG_WARN_NON_LITERAL_NULL_CONVERSION = YES;
				CLANG_WARN_OBJC_LITERAL_CONVERSION = YES;
				CLANG_WARN_OBJC_ROOT_CLASS = YES_ERROR;
				CLANG_WARN_RANGE_LOOP_ANALYSIS = YES;
				CLANG_WARN_STRICT_PROTOTYPES = YES;
				CLANG_WARN_SUSPICIOUS_MOVE = YES;
				CLANG_WARN_UNGUARDED_AVAILABILITY = YES_AGGRESSIVE;
				CLANG_WARN_UNREACHABLE_CODE = YES;
				CLANG_WARN__DUPLICATE_METHOD_MATCH = YES;
				CODE_SIGN_IDENTITY = "iPhone Developer";
				COPY_PHASE_STRIP = NO;
				DEBUG_INFORMATION_FORMAT = "dwarf-with-dsym";
				ENABLE_NS_ASSERTIONS = NO;
				ENABLE_STRICT_OBJC_MSGSEND = YES;
				GCC_C_LANGUAGE_STANDARD = gnu11;
				GCC_NO_COMMON_BLOCKS = YES;
				GCC_WARN_64_TO_32_BIT_CONVERSION = YES;
				GCC_WARN_ABOUT_RETURN_TYPE = YES_ERROR;
				GCC_WARN_UNDECLARED_SELECTOR = YES;
				GCC_WARN_UNINITIALIZED_AUTOS = YES_AGGRESSIVE;
				GCC_WARN_UNUSED_FUNCTION = YES;
				GCC_WARN_UNUSED_VARIABLE = YES;
				IPHONEOS_DEPLOYMENT_TARGET = 11.2;
				MTL_ENABLE_DEBUG_INFO = NO;
				SDKROOT = iphoneos;
				SWIFT_OPTIMIZATION_LEVEL = "-Owholemodule";
				VALIDATE_PRODUCT = YES;
			};
			name = Release;
		};
		455987AA2021A83C0042C5F0 /* Debug */ = {
			isa = XCBuildConfiguration;
			buildSettings = {
				ASSETCATALOG_COMPILER_APPICON_NAME = AppIcon;
				CODE_SIGN_STYLE = Automatic;
				INFOPLIST_FILE = Tumblr/Info.plist;
				LD_RUNPATH_SEARCH_PATHS = "$(inherited) @executable_path/Frameworks";
				PRODUCT_BUNDLE_IDENTIFIER = com.codepath.Tumblr;
				PRODUCT_NAME = "$(TARGET_NAME)";
				SWIFT_VERSION = 4.0;
				TARGETED_DEVICE_FAMILY = "1,2";
			};
			name = Debug;
		};
		455987AB2021A83C0042C5F0 /* Release */ = {
			isa = XCBuildConfiguration;
			buildSettings = {
				ASSETCATALOG_COMPILER_APPICON_NAME = AppIcon;
				CODE_SIGN_STYLE = Automatic;
				INFOPLIST_FILE = Tumblr/Info.plist;
				LD_RUNPATH_SEARCH_PATHS = "$(inherited) @executable_path/Frameworks";
				PRODUCT_BUNDLE_IDENTIFIER = com.codepath.Tumblr;
				PRODUCT_NAME = "$(TARGET_NAME)";
				SWIFT_VERSION = 4.0;
				TARGETED_DEVICE_FAMILY = "1,2";
			};
			name = Release;
		};
		455987AD2021A83C0042C5F0 /* Debug */ = {
			isa = XCBuildConfiguration;
			buildSettings = {
				ALWAYS_EMBED_SWIFT_STANDARD_LIBRARIES = YES;
				BUNDLE_LOADER = "$(TEST_HOST)";
				CODE_SIGN_STYLE = Automatic;
				INFOPLIST_FILE = TumblrTests/Info.plist;
				LD_RUNPATH_SEARCH_PATHS = "$(inherited) @executable_path/Frameworks @loader_path/Frameworks";
				PRODUCT_BUNDLE_IDENTIFIER = com.codepath.TumblrTests;
				PRODUCT_NAME = "$(TARGET_NAME)";
				SWIFT_VERSION = 4.0;
				TARGETED_DEVICE_FAMILY = "1,2";
				TEST_HOST = "$(BUILT_PRODUCTS_DIR)/Tumblr.app/Tumblr";
			};
			name = Debug;
		};
		455987AE2021A83C0042C5F0 /* Release */ = {
			isa = XCBuildConfiguration;
			buildSettings = {
				ALWAYS_EMBED_SWIFT_STANDARD_LIBRARIES = YES;
				BUNDLE_LOADER = "$(TEST_HOST)";
				CODE_SIGN_STYLE = Automatic;
				INFOPLIST_FILE = TumblrTests/Info.plist;
				LD_RUNPATH_SEARCH_PATHS = "$(inherited) @executable_path/Frameworks @loader_path/Frameworks";
				PRODUCT_BUNDLE_IDENTIFIER = com.codepath.TumblrTests;
				PRODUCT_NAME = "$(TARGET_NAME)";
				SWIFT_VERSION = 4.0;
				TARGETED_DEVICE_FAMILY = "1,2";
				TEST_HOST = "$(BUILT_PRODUCTS_DIR)/Tumblr.app/Tumblr";
			};
			name = Release;
		};
		455987B02021A83C0042C5F0 /* Debug */ = {
			isa = XCBuildConfiguration;
			buildSettings = {
				ALWAYS_EMBED_SWIFT_STANDARD_LIBRARIES = YES;
				CODE_SIGN_STYLE = Automatic;
				INFOPLIST_FILE = TumblrUITests/Info.plist;
				LD_RUNPATH_SEARCH_PATHS = "$(inherited) @executable_path/Frameworks @loader_path/Frameworks";
				PRODUCT_BUNDLE_IDENTIFIER = com.codepath.TumblrUITests;
				PRODUCT_NAME = "$(TARGET_NAME)";
				SWIFT_VERSION = 4.0;
				TARGETED_DEVICE_FAMILY = "1,2";
				TEST_TARGET_NAME = Tumblr;
			};
			name = Debug;
		};
		455987B12021A83C0042C5F0 /* Release */ = {
			isa = XCBuildConfiguration;
			buildSettings = {
				ALWAYS_EMBED_SWIFT_STANDARD_LIBRARIES = YES;
				CODE_SIGN_STYLE = Automatic;
				INFOPLIST_FILE = TumblrUITests/Info.plist;
				LD_RUNPATH_SEARCH_PATHS = "$(inherited) @executable_path/Frameworks @loader_path/Frameworks";
				PRODUCT_BUNDLE_IDENTIFIER = com.codepath.TumblrUITests;
				PRODUCT_NAME = "$(TARGET_NAME)";
				SWIFT_VERSION = 4.0;
				TARGETED_DEVICE_FAMILY = "1,2";
				TEST_TARGET_NAME = Tumblr;
			};
			name = Release;
		};
/* End XCBuildConfiguration section */

/* Begin XCConfigurationList section */
		4559877C2021A83C0042C5F0 /* Build configuration list for PBXProject "Tumblr" */ = {
			isa = XCConfigurationList;
			buildConfigurations = (
				455987A72021A83C0042C5F0 /* Debug */,
				455987A82021A83C0042C5F0 /* Release */,
			);
			defaultConfigurationIsVisible = 0;
			defaultConfigurationName = Release;
		};
		455987A92021A83C0042C5F0 /* Build configuration list for PBXNativeTarget "Tumblr" */ = {
			isa = XCConfigurationList;
			buildConfigurations = (
				455987AA2021A83C0042C5F0 /* Debug */,
				455987AB2021A83C0042C5F0 /* Release */,
			);
			defaultConfigurationIsVisible = 0;
			defaultConfigurationName = Release;
		};
		455987AC2021A83C0042C5F0 /* Build configuration list for PBXNativeTarget "TumblrTests" */ = {
			isa = XCConfigurationList;
			buildConfigurations = (
				455987AD2021A83C0042C5F0 /* Debug */,
				455987AE2021A83C0042C5F0 /* Release */,
			);
			defaultConfigurationIsVisible = 0;
			defaultConfigurationName = Release;
		};
		455987AF2021A83C0042C5F0 /* Build configuration list for PBXNativeTarget "TumblrUITests" */ = {
			isa = XCConfigurationList;
			buildConfigurations = (
				455987B02021A83C0042C5F0 /* Debug */,
				455987B12021A83C0042C5F0 /* Release */,
			);
			defaultConfigurationIsVisible = 0;
			defaultConfigurationName = Release;
		};
/* End XCConfigurationList section */
	};
	rootObject = 455987792021A83C0042C5F0 /* Project object */;
}
